# herdr-lazy lock — resolved plugin set at last sync.
# Each `owner/repo@commit` reproduces exactly via `plugin install --ref`.
# Commits come from herdr's own `source.resolved_commit`.

AVGVSTVS96/herdr-drovr@03f38edba501f63d3f7044fc99cf3ae55438401e
thanhdat77/herdr-navigator@313b753b1f98f802b7d861430a13cb95a86e8dd3
natori-hrj/herdr-lazy@8caad442f3710be6aff6872b03069068a931b38f
hhdebb/herdr-radar@2425fa080b7b72f30c1299481282b23003a2ee61
nathan-poncet/herdr-fingers@590d48bc2a06771d8121764547868112766a2fa8
persiyanov/herdr-reviewr@82be703afc8a3fa07ea7806c42f2847ccc705744
